
Microsoft Visual Studio Solution File, Format Version 12.00
# Visual Studio Version 17
VisualStudioVersion = 17.14.36414.22
MinimumVisualStudioVersion = 10.0.40219.1
Project("{FAE04EC0-301F-11D3-BF4B-00C04F79EFBC}") = "TravelApplication", "TravelApplication\TravelApplication.csproj", "{95E2EBC5-5A38-4B2A-B286-62C4EDCF7EE0}"
EndProject
Project("{FAE04EC0-301F-11D3-BF4B-00C04F79EFBC}") = "TravelAppApi", "TravelAppApi\TravelAppApi.csproj", "{7BC134CE-F4F0-4D24-9E08-97770F852DA4}"
EndProject
Global
	GlobalSection(SolutionConfigurationPlatforms) = preSolution
		Debug|Any CPU = Debug|Any CPU
		Release|Any CPU = Release|Any CPU
	EndGlobalSection
	GlobalSection(ProjectConfigurationPlatforms) = postSolution
		{95E2EBC5-5A38-4B2A-B286-62C4EDCF7EE0}.Debug|Any CPU.ActiveCfg = Debug|Any CPU
		{95E2EBC5-5A38-4B2A-B286-62C4EDCF7EE0}.Debug|Any CPU.Build.0 = Debug|Any CPU
		{95E2EBC5-5A38-4B2A-B286-62C4EDCF7EE0}.Debug|Any CPU.Deploy.0 = Debug|Any CPU
		{95E2EBC5-5A38-4B2A-B286-62C4EDCF7EE0}.Release|Any CPU.ActiveCfg = Release|Any CPU
		{95E2EBC5-5A38-4B2A-B286-62C4EDCF7EE0}.Release|Any CPU.Build.0 = Release|Any CPU
		{95E2EBC5-5A38-4B2A-B286-62C4EDCF7EE0}.Release|Any CPU.Deploy.0 = Release|Any CPU
		{7BC134CE-F4F0-4D24-9E08-97770F852DA4}.Debug|Any CPU.ActiveCfg = Debug|Any CPU
		{7BC134CE-F4F0-4D24-9E08-97770F852DA4}.Debug|Any CPU.Build.0 = Debug|Any CPU
		{7BC134CE-F4F0-4D24-9E08-97770F852DA4}.Release|Any CPU.ActiveCfg = Release|Any CPU
		{7BC134CE-F4F0-4D24-9E08-97770F852DA4}.Release|Any CPU.Build.0 = Release|Any CPU
	EndGlobalSection
	GlobalSection(SolutionProperties) = preSolution
		HideSolutionNode = FALSE
	EndGlobalSection
	GlobalSection(ExtensibilityGlobals) = postSolution
		SolutionGuid = {6C13034D-4748-43B3-841F-567CD1CF3210}
	EndGlobalSection
EndGlobal
